
Microsoft Visual Studio Solution File, Format Version 12.00
# Visual Studio 14
VisualStudioVersion = 14.0.25420.1
MinimumVisualStudioVersion = 10.0.40219.1
Project("{FAE04EC0-301F-11D3-BF4B-00C04F79EFBC}") = "CS_Game_Surface_w_Buttons", "TicTacToePart7\CS_Game_Surface_w_Buttons.csproj", "{79AC1E90-E195-4C30-9C0A-4141F0214A0A}"
EndProject
Project("{FAE04EC0-301F-11D3-BF4B-00C04F79EFBC}") = "ExtentionMethods", "ExtentionMethods\ExtentionMethods.csproj", "{638D3475-73F9-4D85-8EBE-CDCF47C01BF8}"
EndProject
Project("{FAE04EC0-301F-11D3-BF4B-00C04F79EFBC}") = "TheBrain", "TheBrain\TheBrain.csproj", "{28CD62B6-17AF-4E8B-B415-4DDA649E3242}"
EndProject
Global
	GlobalSection(SolutionConfigurationPlatforms) = preSolution
		Debug|Any CPU = Debug|Any CPU
		Release|Any CPU = Release|Any CPU
	EndGlobalSection
	GlobalSection(ProjectConfigurationPlatforms) = postSolution
		{79AC1E90-E195-4C30-9C0A-4141F0214A0A}.Debug|Any CPU.ActiveCfg = Debug|Any CPU
		{79AC1E90-E195-4C30-9C0A-4141F0214A0A}.Debug|Any CPU.Build.0 = Debug|Any CPU
		{79AC1E90-E195-4C30-9C0A-4141F0214A0A}.Release|Any CPU.ActiveCfg = Release|Any CPU
		{79AC1E90-E195-4C30-9C0A-4141F0214A0A}.Release|Any CPU.Build.0 = Release|Any CPU
		{638D3475-73F9-4D85-8EBE-CDCF47C01BF8}.Debug|Any CPU.ActiveCfg = Debug|Any CPU
		{638D3475-73F9-4D85-8EBE-CDCF47C01BF8}.Debug|Any CPU.Build.0 = Debug|Any CPU
		{638D3475-73F9-4D85-8EBE-CDCF47C01BF8}.Release|Any CPU.ActiveCfg = Release|Any CPU
		{638D3475-73F9-4D85-8EBE-CDCF47C01BF8}.Release|Any CPU.Build.0 = Release|Any CPU
		{28CD62B6-17AF-4E8B-B415-4DDA649E3242}.Debug|Any CPU.ActiveCfg = Debug|Any CPU
		{28CD62B6-17AF-4E8B-B415-4DDA649E3242}.Debug|Any CPU.Build.0 = Debug|Any CPU
		{28CD62B6-17AF-4E8B-B415-4DDA649E3242}.Release|Any CPU.ActiveCfg = Release|Any CPU
		{28CD62B6-17AF-4E8B-B415-4DDA649E3242}.Release|Any CPU.Build.0 = Release|Any CPU
	EndGlobalSection
	GlobalSection(SolutionProperties) = preSolution
		HideSolutionNode = FALSE
	EndGlobalSection
EndGlobal
